
Microsoft Visual Studio Solution File, Format Version 12.00
# Visual Studio 2012
Project("{E24C65DC-7377-472B-9ABA-BC803B73C61A}") = "RegWeb", "http://localhost:53208", "{C0E67ADA-6564-42C8-9A2F-C1512456C523}"
	ProjectSection(WebsiteProperties) = preProject
		UseIISExpress = "true"
		TargetFrameworkMoniker = ".NETFramework,Version%3Dv4.5"
		Debug.AspNetCompiler.VirtualPath = "/localhost_53208"
		Debug.AspNetCompiler.PhysicalPath = "..\..\WebSites\RegWeb\"
		Debug.AspNetCompiler.TargetPath = "PrecompiledWeb\localhost_53208\"
		Debug.AspNetCompiler.Updateable = "true"
		Debug.AspNetCompiler.ForceOverwrite = "true"
		Debug.AspNetCompiler.FixedNames = "false"
		Debug.AspNetCompiler.Debug = "True"
		Release.AspNetCompiler.VirtualPath = "/localhost_53208"
		Release.AspNetCompiler.PhysicalPath = "..\..\WebSites\RegWeb\"
		Release.AspNetCompiler.TargetPath = "PrecompiledWeb\localhost_53208\"
		Release.AspNetCompiler.Updateable = "true"
		Release.AspNetCompiler.ForceOverwrite = "true"
		Release.AspNetCompiler.FixedNames = "false"
		Release.AspNetCompiler.Debug = "False"
		SlnRelativePath = "..\..\WebSites\RegWeb\"
		DefaultWebSiteLanguage = "Visual C#"
	EndProjectSection
EndProject
Global
	GlobalSection(SolutionConfigurationPlatforms) = preSolution
		Debug|Any CPU = Debug|Any CPU
	EndGlobalSection
	GlobalSection(ProjectConfigurationPlatforms) = postSolution
		{C0E67ADA-6564-42C8-9A2F-C1512456C523}.Debug|Any CPU.ActiveCfg = Debug|Any CPU
		{C0E67ADA-6564-42C8-9A2F-C1512456C523}.Debug|Any CPU.Build.0 = Debug|Any CPU
	EndGlobalSection
	GlobalSection(SolutionProperties) = preSolution
		HideSolutionNode = FALSE
	EndGlobalSection
EndGlobal
