
Microsoft Visual Studio Solution File, Format Version 12.00
# Visual Studio 2012
Project("{E24C65DC-7377-472B-9ABA-BC803B73C61A}") = "Excel1", "http://localhost:56562", "{2F38E164-C873-4ACD-9793-2479F7468F7D}"
	ProjectSection(WebsiteProperties) = preProject
		UseIISExpress = "true"
		TargetFrameworkMoniker = ".NETFramework,Version%3Dv4.5"
		Debug.AspNetCompiler.VirtualPath = "/localhost_56562"
		Debug.AspNetCompiler.PhysicalPath = "..\..\WebSites\Excel1\"
		Debug.AspNetCompiler.TargetPath = "PrecompiledWeb\localhost_56562\"
		Debug.AspNetCompiler.Updateable = "true"
		Debug.AspNetCompiler.ForceOverwrite = "true"
		Debug.AspNetCompiler.FixedNames = "false"
		Debug.AspNetCompiler.Debug = "True"
		Release.AspNetCompiler.VirtualPath = "/localhost_56562"
		Release.AspNetCompiler.PhysicalPath = "..\..\WebSites\Excel1\"
		Release.AspNetCompiler.TargetPath = "PrecompiledWeb\localhost_56562\"
		Release.AspNetCompiler.Updateable = "true"
		Release.AspNetCompiler.ForceOverwrite = "true"
		Release.AspNetCompiler.FixedNames = "false"
		Release.AspNetCompiler.Debug = "False"
		SlnRelativePath = "..\..\WebSites\Excel1\"
		DefaultWebSiteLanguage = "Visual C#"
	EndProjectSection
EndProject
Global
	GlobalSection(SolutionConfigurationPlatforms) = preSolution
		Debug|Any CPU = Debug|Any CPU
	EndGlobalSection
	GlobalSection(ProjectConfigurationPlatforms) = postSolution
		{2F38E164-C873-4ACD-9793-2479F7468F7D}.Debug|Any CPU.ActiveCfg = Debug|Any CPU
		{2F38E164-C873-4ACD-9793-2479F7468F7D}.Debug|Any CPU.Build.0 = Debug|Any CPU
	EndGlobalSection
	GlobalSection(SolutionProperties) = preSolution
		HideSolutionNode = FALSE
	EndGlobalSection
EndGlobal
