
Microsoft Visual Studio Solution File, Format Version 12.00
# Visual Studio 2012
Project("{E24C65DC-7377-472B-9ABA-BC803B73C61A}") = "eSMS2016", "D:\Vishal\Toshvin eSMS (2012 version)\Toshvin eSMS (2012 version)\eSMS2016\", "{64DA09D9-69B9-4D84-82F3-2F81C6A88D98}"
	ProjectSection(WebsiteProperties) = preProject
		TargetFrameworkMoniker = ".NETFramework,Version%3Dv4.5"
		Debug.AspNetCompiler.VirtualPath = "/eSMS2016"
		Debug.AspNetCompiler.PhysicalPath = "D:\Vishal\Toshvin eSMS (2012 version)\Toshvin eSMS (2012 version)\eSMS2016\"
		Debug.AspNetCompiler.TargetPath = "PrecompiledWeb\eSMS2016\"
		Debug.AspNetCompiler.Updateable = "true"
		Debug.AspNetCompiler.ForceOverwrite = "true"
		Debug.AspNetCompiler.FixedNames = "false"
		Debug.AspNetCompiler.Debug = "True"
		Release.AspNetCompiler.VirtualPath = "/eSMS2016"
		Release.AspNetCompiler.PhysicalPath = "D:\Vishal\Toshvin eSMS (2012 version)\Toshvin eSMS (2012 version)\eSMS2016\"
		Release.AspNetCompiler.TargetPath = "PrecompiledWeb\eSMS2016\"
		Release.AspNetCompiler.Updateable = "true"
		Release.AspNetCompiler.ForceOverwrite = "true"
		Release.AspNetCompiler.FixedNames = "false"
		Release.AspNetCompiler.Debug = "False"
		VWDPort = "60547"
	EndProjectSection
EndProject
Global
	GlobalSection(SolutionConfigurationPlatforms) = preSolution
		Debug|Any CPU = Debug|Any CPU
	EndGlobalSection
	GlobalSection(ProjectConfigurationPlatforms) = postSolution
		{64DA09D9-69B9-4D84-82F3-2F81C6A88D98}.Debug|Any CPU.ActiveCfg = Debug|Any CPU
		{64DA09D9-69B9-4D84-82F3-2F81C6A88D98}.Debug|Any CPU.Build.0 = Debug|Any CPU
	EndGlobalSection
	GlobalSection(SolutionProperties) = preSolution
		HideSolutionNode = FALSE
	EndGlobalSection
EndGlobal
