
Microsoft Visual Studio Solution File, Format Version 12.00
# Visual Studio 2012
Project("{E24C65DC-7377-472B-9ABA-BC803B73C61A}") = "ExcelData", "http://localhost:57481", "{37172F32-B34D-4141-8C3C-7FDE8E15E9C5}"
	ProjectSection(WebsiteProperties) = preProject
		UseIISExpress = "true"
		TargetFrameworkMoniker = ".NETFramework,Version%3Dv4.5"
		Debug.AspNetCompiler.VirtualPath = "/localhost_57481"
		Debug.AspNetCompiler.PhysicalPath = "..\..\WebSites\ExcelData\"
		Debug.AspNetCompiler.TargetPath = "PrecompiledWeb\localhost_57481\"
		Debug.AspNetCompiler.Updateable = "true"
		Debug.AspNetCompiler.ForceOverwrite = "true"
		Debug.AspNetCompiler.FixedNames = "false"
		Debug.AspNetCompiler.Debug = "True"
		Release.AspNetCompiler.VirtualPath = "/localhost_57481"
		Release.AspNetCompiler.PhysicalPath = "..\..\WebSites\ExcelData\"
		Release.AspNetCompiler.TargetPath = "PrecompiledWeb\localhost_57481\"
		Release.AspNetCompiler.Updateable = "true"
		Release.AspNetCompiler.ForceOverwrite = "true"
		Release.AspNetCompiler.FixedNames = "false"
		Release.AspNetCompiler.Debug = "False"
		SlnRelativePath = "..\..\WebSites\ExcelData\"
	EndProjectSection
EndProject
Global
	GlobalSection(SolutionConfigurationPlatforms) = preSolution
		Debug|Any CPU = Debug|Any CPU
	EndGlobalSection
	GlobalSection(ProjectConfigurationPlatforms) = postSolution
		{37172F32-B34D-4141-8C3C-7FDE8E15E9C5}.Debug|Any CPU.ActiveCfg = Debug|Any CPU
		{37172F32-B34D-4141-8C3C-7FDE8E15E9C5}.Debug|Any CPU.Build.0 = Debug|Any CPU
	EndGlobalSection
	GlobalSection(SolutionProperties) = preSolution
		HideSolutionNode = FALSE
	EndGlobalSection
EndGlobal
