
Microsoft Visual Studio Solution File, Format Version 12.00
# Visual Studio 2012
Project("{E24C65DC-7377-472B-9ABA-BC803B73C61A}") = "Vishal", "D:\Vishal\abc\Vishal\", "{70F25F6B-8ED5-498C-8AA7-434476092739}"
	ProjectSection(WebsiteProperties) = preProject
		TargetFrameworkMoniker = ".NETFramework,Version%3Dv3.5"
		Debug.AspNetCompiler.VirtualPath = "/Vishal"
		Debug.AspNetCompiler.PhysicalPath = "D:\Vishal\abc\Vishal\"
		Debug.AspNetCompiler.TargetPath = "PrecompiledWeb\Vishal\"
		Debug.AspNetCompiler.Updateable = "true"
		Debug.AspNetCompiler.ForceOverwrite = "true"
		Debug.AspNetCompiler.FixedNames = "false"
		Debug.AspNetCompiler.Debug = "True"
		Release.AspNetCompiler.VirtualPath = "/Vishal"
		Release.AspNetCompiler.PhysicalPath = "D:\Vishal\abc\Vishal\"
		Release.AspNetCompiler.TargetPath = "PrecompiledWeb\Vishal\"
		Release.AspNetCompiler.Updateable = "true"
		Release.AspNetCompiler.ForceOverwrite = "true"
		Release.AspNetCompiler.FixedNames = "false"
		Release.AspNetCompiler.Debug = "False"
		VWDPort = "58260"
	EndProjectSection
EndProject
Global
	GlobalSection(SolutionConfigurationPlatforms) = preSolution
		Debug|Any CPU = Debug|Any CPU
	EndGlobalSection
	GlobalSection(ProjectConfigurationPlatforms) = postSolution
		{70F25F6B-8ED5-498C-8AA7-434476092739}.Debug|Any CPU.ActiveCfg = Debug|Any CPU
		{70F25F6B-8ED5-498C-8AA7-434476092739}.Debug|Any CPU.Build.0 = Debug|Any CPU
	EndGlobalSection
	GlobalSection(SolutionProperties) = preSolution
		HideSolutionNode = FALSE
	EndGlobalSection
EndGlobal
