
Microsoft Visual Studio Solution File, Format Version 12.00
# Visual Studio 2012
Project("{E24C65DC-7377-472B-9ABA-BC803B73C61A}") = "RegistrationWebsite1", "http://localhost:55401", "{AD0BC4A4-F439-4D9E-843D-2CB67363FE7A}"
	ProjectSection(WebsiteProperties) = preProject
		UseIISExpress = "true"
		TargetFrameworkMoniker = ".NETFramework,Version%3Dv4.5"
		Debug.AspNetCompiler.VirtualPath = "/localhost_55401"
		Debug.AspNetCompiler.PhysicalPath = "..\..\WebSites\RegistrationWebsite1\"
		Debug.AspNetCompiler.TargetPath = "PrecompiledWeb\localhost_55401\"
		Debug.AspNetCompiler.Updateable = "true"
		Debug.AspNetCompiler.ForceOverwrite = "true"
		Debug.AspNetCompiler.FixedNames = "false"
		Debug.AspNetCompiler.Debug = "True"
		Release.AspNetCompiler.VirtualPath = "/localhost_55401"
		Release.AspNetCompiler.PhysicalPath = "..\..\WebSites\RegistrationWebsite1\"
		Release.AspNetCompiler.TargetPath = "PrecompiledWeb\localhost_55401\"
		Release.AspNetCompiler.Updateable = "true"
		Release.AspNetCompiler.ForceOverwrite = "true"
		Release.AspNetCompiler.FixedNames = "false"
		Release.AspNetCompiler.Debug = "False"
		SlnRelativePath = "..\..\WebSites\RegistrationWebsite1\"
		DefaultWebSiteLanguage = "Visual C#"
	EndProjectSection
EndProject
Global
	GlobalSection(SolutionConfigurationPlatforms) = preSolution
		Debug|Any CPU = Debug|Any CPU
	EndGlobalSection
	GlobalSection(ProjectConfigurationPlatforms) = postSolution
		{AD0BC4A4-F439-4D9E-843D-2CB67363FE7A}.Debug|Any CPU.ActiveCfg = Debug|Any CPU
		{AD0BC4A4-F439-4D9E-843D-2CB67363FE7A}.Debug|Any CPU.Build.0 = Debug|Any CPU
	EndGlobalSection
	GlobalSection(SolutionProperties) = preSolution
		HideSolutionNode = FALSE
	EndGlobalSection
EndGlobal
